<?xml version="1.0" encoding="utf-8"?>
<Project ToolsVersion="4.0" xmlns="http://schemas.microsoft.com/developer/msbuild/2003">
  <ItemGroup>
    <Filter Include="Source Files">
      <UniqueIdentifier>{4FC737F1-C7A5-4376-A066-2A32D752A2FF}</UniqueIdentifier>
      <Extensions>cpp;c;cc;cxx;c++;cppm;ixx;def;odl;idl;hpj;bat;asm;asmx</Extensions>
    </Filter>
    <Filter Include="Header Files">
      <UniqueIdentifier>{93995380-89BD-4b04-88EB-625FBE52EBFB}</UniqueIdentifier>
      <Extensions>h;hh;hpp;hxx;h++;hm;inl;inc;ipp;xsd</Extensions>
    </Filter>
    <Filter Include="Resource Files">
      <UniqueIdentifier>{67DA6AB6-F800-4c08-8B7A-83BB121AAD01}</UniqueIdentifier>
      <Extensions>rc;ico;cur;bmp;dlg;rc2;rct;bin;rgs;gif;jpg;jpeg;jpe;resx;tiff;tif;png;wav;mfcribbon-ms</Extensions>
    </Filter>
    <Filter Include="Header Files\PacketHandlers">
      <UniqueIdentifier>{86330706-9ac7-4ae8-9060-599b6df1d9ef}</UniqueIdentifier>
    </Filter>
    <Filter Include="Source Files\PacketHandlers">
      <UniqueIdentifier>{58bf9b5f-2c94-4178-8f67-30928f3360e2}</UniqueIdentifier>
    </Filter>
  </ItemGroup>
  <ItemGroup>
    <ClCompile Include="main.cpp">
      <Filter>Source Files</Filter>
    </ClCompile>
    <ClCompile Include="Server.cpp">
      <Filter>Source Files</Filter>
    </ClCompile>
    <ClCompile Include="Client.cpp">
      <Filter>Source Files</Filter>
    </ClCompile>
    <ClCompile Include="PacketManager.cpp">
      <Filter>Source Files</Filter>
    </ClCompile>
    <ClCompile Include="PacketJoinRoomHandler.cpp">
      <Filter>Source Files\PacketHandlers</Filter>
    </ClCompile>
    <ClCompile Include="PacketLeaveRoomHandler.cpp">
      <Filter>Source Files\PacketHandlers</Filter>
    </ClCompile>
    <ClCompile Include="PacketSendMessageHandler.cpp">
      <Filter>Source Files\PacketHandlers</Filter>
    </ClCompile>
  </ItemGroup>
  <ItemGroup>
    <ClInclude Include="Server.h">
      <Filter>Header Files</Filter>
    </ClInclude>
    <ClInclude Include="Client.h">
      <Filter>Header Files</Filter>
    </ClInclude>
    <ClInclude Include="PacketManager.h">
      <Filter>Header Files</Filter>
    </ClInclude>
    <ClInclude Include="IPacketHandler.h">
      <Filter>Header Files\PacketHandlers</Filter>
    </ClInclude>
    <ClInclude Include="PacketJoinRoomHandler.h">
      <Filter>Header Files\PacketHandlers</Filter>
    </ClInclude>
    <ClInclude Include="PacketLeaveRoomHandler.h">
      <Filter>Header Files\PacketHandlers</Filter>
    </ClInclude>
    <ClInclude Include="PacketSendMessageHandler.h">
      <Filter>Header Files\PacketHandlers</Filter>
    </ClInclude>
  </ItemGroup>
</Project>