<?xml version="1.0" encoding="utf-8"?>
<Project ToolsVersion="4.0" xmlns="http://schemas.microsoft.com/developer/msbuild/2003">
  <ItemGroup>
    <Filter Include="Source Files">
      <UniqueIdentifier>{4FC737F1-C7A5-4376-A066-2A32D752A2FF}</UniqueIdentifier>
      <Extensions>cpp;c;cc;cxx;c++;cppm;ixx;def;odl;idl;hpj;bat;asm;asmx</Extensions>
    </Filter>
    <Filter Include="Header Files">
      <UniqueIdentifier>{93995380-89BD-4b04-88EB-625FBE52EBFB}</UniqueIdentifier>
      <Extensions>h;hh;hpp;hxx;h++;hm;inl;inc;ipp;xsd</Extensions>
    </Filter>
    <Filter Include="Resource Files">
      <UniqueIdentifier>{67DA6AB6-F800-4c08-8B7A-83BB121AAD01}</UniqueIdentifier>
      <Extensions>rc;ico;cur;bmp;dlg;rc2;rct;bin;rgs;gif;jpg;jpeg;jpe;resx;tiff;tif;png;wav;mfcribbon-ms</Extensions>
    </Filter>
    <Filter Include="Header Files\PacketHandlers">
      <UniqueIdentifier>{4b444918-3524-4a5d-9eb6-c948d7967613}</UniqueIdentifier>
    </Filter>
    <Filter Include="Source Files\PacketHandlers">
      <UniqueIdentifier>{02ad9e00-4845-44aa-89ec-80db3945d830}</UniqueIdentifier>
    </Filter>
  </ItemGroup>
  <ItemGroup>
    <ClCompile Include="main.cpp">
      <Filter>Source Files</Filter>
    </ClCompile>
    <ClCompile Include="DBUtils.cpp">
      <Filter>Source Files</Filter>
    </ClCompile>
    <ClCompile Include="AuthServer.cpp">
      <Filter>Source Files</Filter>
    </ClCompile>
    <ClCompile Include="PacketManager.cpp">
      <Filter>Source Files</Filter>
    </ClCompile>
    <ClCompile Include="PacketLoginRequestHandler.cpp">
      <Filter>Source Files\PacketHandlers</Filter>
    </ClCompile>
    <ClCompile Include="CryptoUtils.cpp">
      <Filter>Source Files</Filter>
    </ClCompile>
  </ItemGroup>
  <ItemGroup>
    <ClInclude Include="DBUtils.h">
      <Filter>Header Files</Filter>
    </ClInclude>
    <ClInclude Include="AuthServer.h">
      <Filter>Header Files</Filter>
    </ClInclude>
    <ClInclude Include="AuthClient.h">
      <Filter>Header Files</Filter>
    </ClInclude>
    <ClInclude Include="PacketManager.h">
      <Filter>Header Files</Filter>
    </ClInclude>
    <ClInclude Include="PacketLoginRequestHandler.h">
      <Filter>Header Files\PacketHandlers</Filter>
    </ClInclude>
    <ClInclude Include="IPacketHandler.h">
      <Filter>Header Files\PacketHandlers</Filter>
    </ClInclude>
    <ClInclude Include="CryptoUtils.h">
      <Filter>Header Files</Filter>
    </ClInclude>
  </ItemGroup>
</Project>